
Microsoft Visual Studio Solution File, Format Version 12.00
# Visual Studio Version 16
VisualStudioVersion = 16.0.29709.97
MinimumVisualStudioVersion = 10.0.40219.1
Project("{FAE04EC0-301F-11D3-BF4B-00C04F79EFBC}") = "labauniver3", "labauniver3\labauniver3.csproj", "{CA50FA68-9CEA-43E5-9E7A-AB8E2F0EFC39}"
EndProject
Global
	GlobalSection(SolutionConfigurationPlatforms) = preSolution
		Debug|Any CPU = Debug|Any CPU
		Release|Any CPU = Release|Any CPU
	EndGlobalSection
	GlobalSection(ProjectConfigurationPlatforms) = postSolution
		{CA50FA68-9CEA-43E5-9E7A-AB8E2F0EFC39}.Debug|Any CPU.ActiveCfg = Debug|Any CPU
		{CA50FA68-9CEA-43E5-9E7A-AB8E2F0EFC39}.Debug|Any CPU.Build.0 = Debug|Any CPU
		{CA50FA68-9CEA-43E5-9E7A-AB8E2F0EFC39}.Release|Any CPU.ActiveCfg = Release|Any CPU
		{CA50FA68-9CEA-43E5-9E7A-AB8E2F0EFC39}.Release|Any CPU.Build.0 = Release|Any CPU
	EndGlobalSection
	GlobalSection(SolutionProperties) = preSolution
		HideSolutionNode = FALSE
	EndGlobalSection
	GlobalSection(ExtensibilityGlobals) = postSolution
		SolutionGuid = {A1DD72AA-B922-47A9-A9F6-869BB82D4824}
	EndGlobalSection
EndGlobal
